{
    "_readme": [
        "This file locks the dependencies of your project to a known state",
        "Read more about it at https://getcomposer.org/doc/01-basic-usage.md#composer-lock-the-lock-file",
        "This file is @generated automatically"
    ],
    "hash": "849a3a6feff2f4e644ae37a815c6f18c",
    "content-hash": "a38eff0657f8d53aaa668d7c6a48df36",
    "packages": [
        {
            "name": "guzzlehttp/guzzle",
            "version": "6.3.0",
            "source": {
                "type": "git",
                "url": "https://github.com/guzzle/guzzle.git",
                "reference": "f4db5a78a5ea468d4831de7f0bf9d9415e348699"
            },
            "dist": {
                "type": "zip",
                "url": "https://api.github.com/repos/guzzle/guzzle/zipball/f4db5a78a5ea468d4831de7f0bf9d9415e348699",
                "reference": "f4db5a78a5ea468d4831de7f0bf9d9415e348699",
                "shasum": ""
            },
            "require": {
                "guzzlehttp/promises": "^1.0",
                "guzzlehttp/psr7": "^1.4",
                "php": ">=5.5"
            },
            "require-dev": {
                "ext-curl": "*",
                "phpunit/phpunit": "^4.0 || ^5.0",
                "psr/log": "^1.0"
            },
            "suggest": {
                "psr/log": "Required for using the Log middleware"
            },
            "type": "library",
            "extra": {
                "branch-alias": {
                    "dev-master": "6.2-dev"
                }
            },
            "autoload": {
                "files": [
                    "src/functions_include.php"
                ],
                "psr-4": {
                    "GuzzleHttp\\": "src/"
                }
            },
            "notification-url": "https://packagist.org/downloads/",
            "license": [
                "MIT"
            ],
            "authors": [
                {
                    "name": "Michael Dowling",
                    "email": "mtdowling@gmail.com",
                    "homepage": "https://github.com/mtdowling"
                }
            ],
            "description": "Guzzle is a PHP HTTP client library",
            "homepage": "http://guzzlephp.org/",
            "keywords": [
                "client",
                "curl",
                "framework",
                "http",
                "http client",
                "rest",
                "web service"
            ],
            "time": "2017-06-22 18:50:49"
        },
        {
            "name": "guzzlehttp/promises",
            "version": "v1.3.1",
            "source": {
                "type": "git",
                "url": "https://github.com/guzzle/promises.git",
                "reference": "a59da6cf61d80060647ff4d3eb2c03a2bc694646"
            },
            "dist": {
                "type": "zip",
                "url": "https://api.github.com/repos/guzzle/promises/zipball/a59da6cf61d80060647ff4d3eb2c03a2bc694646",
                "reference": "a59da6cf61d80060647ff4d3eb2c03a2bc694646",
                "shasum": ""
            },
            "require": {
                "php": ">=5.5.0"
            },
            "require-dev": {
                "phpunit/phpunit": "^4.0"
            },
            "type": "library",
            "extra": {
                "branch-alias": {
                    "dev-master": "1.4-dev"
                }
            },
            "autoload": {
                "psr-4": {
                    "GuzzleHttp\\Promise\\": "src/"
                },
                "files": [
                    "src/functions_include.php"
                ]
            },
            "notification-url": "https://packagist.org/downloads/",
            "license": [
                "MIT"
            ],
            "authors": [
                {
                    "name": "Michael Dowling",
                    "email": "mtdowling@gmail.com",
                    "homepage": "https://github.com/mtdowling"
                }
            ],
            "description": "Guzzle promises library",
            "keywords": [
                "promise"
            ],
            "time": "2016-12-20 10:07:11"
        },
        {
            "name": "guzzlehttp/psr7",
            "version": "1.4.2",
            "source": {
                "type": "git",
                "url": "https://github.com/guzzle/psr7.git",
                "reference": "f5b8a8512e2b58b0071a7280e39f14f72e05d87c"
            },
            "dist": {
                "type": "zip",
                "url": "https://api.github.com/repos/guzzle/psr7/zipball/f5b8a8512e2b58b0071a7280e39f14f72e05d87c",
                "reference": "f5b8a8512e2b58b0071a7280e39f14f72e05d87c",
                "shasum": ""
            },
            "require": {
                "php": ">=5.4.0",
                "psr/http-message": "~1.0"
            },
            "provide": {
                "psr/http-message-implementation": "1.0"
            },
            "require-dev": {
                "phpunit/phpunit": "~4.0"
            },
            "type": "library",
            "extra": {
                "branch-alias": {
                    "dev-master": "1.4-dev"
                }
            },
            "autoload": {
                "psr-4": {
                    "GuzzleHttp\\Psr7\\": "src/"
                },
                "files": [
                    "src/functions_include.php"
                ]
            },
            "notification-url": "https://packagist.org/downloads/",
            "license": [
                "MIT"
            ],
            "authors": [
                {
                    "name": "Michael Dowling",
                    "email": "mtdowling@gmail.com",
                    "homepage": "https://github.com/mtdowling"
                },
                {
                    "name": "Tobias Schultze",
                    "homepage": "https://github.com/Tobion"
                }
            ],
            "description": "PSR-7 message implementation that also provides common utility methods",
            "keywords": [
                "http",
                "message",
                "request",
                "response",
                "stream",
                "uri",
                "url"
            ],
            "time": "2017-03-20 17:10:46"
        },
        {
            "name": "jaeger/curlmulti",
            "version": "1.0",
            "source": {
                "type": "git",
                "url": "https://github.com/jae-jae/CurlMulti.git",
                "reference": "059f13241e15ddfe6155c032ef765e58233a5aab"
            },
            "dist": {
                "type": "zip",
                "url": "https://api.github.com/repos/jae-jae/CurlMulti/zipball/059f13241e15ddfe6155c032ef765e58233a5aab",
                "reference": "059f13241e15ddfe6155c032ef765e58233a5aab",
                "shasum": ""
            },
            "require": {
                "ext-curl": "*",
                "php": ">=5.1.0"
            },
            "type": "library",
            "autoload": {
                "psr-4": {
                    "QL\\Ext\\Lib\\": ""
                }
            },
            "notification-url": "https://packagist.org/downloads/",
            "license": [
                "Apache-2.0"
            ],
            "authors": [
                {
                    "name": "Ares",
                    "email": "admin@phpdr.net"
                }
            ],
            "description": "CurlMulti是PHP多线程类库,修改用于QueryList(http://querylist.cc ),CurlMulti项目地址:https://github.com/ares333/php-curlmulti",
            "time": "2015-12-23 16:28:22"
        },
        {
            "name": "jaeger/g-http",
            "version": "V1.3",
            "source": {
                "type": "git",
                "url": "https://github.com/jae-jae/GHttp.git",
                "reference": "601230f9fd819208de5dc21b73898759baaf142d"
            },
            "dist": {
                "type": "zip",
                "url": "https://api.github.com/repos/jae-jae/GHttp/zipball/601230f9fd819208de5dc21b73898759baaf142d",
                "reference": "601230f9fd819208de5dc21b73898759baaf142d",
                "shasum": ""
            },
            "require": {
                "guzzlehttp/guzzle": "^6.2"
            },
            "type": "library",
            "autoload": {
                "psr-4": {
                    "Jaeger\\": "src"
                }
            },
            "notification-url": "https://packagist.org/downloads/",
            "license": [
                "MIT"
            ],
            "authors": [
                {
                    "name": "Jaeger",
                    "email": "JaegerCode@gmail.com"
                }
            ],
            "description": "Simple Http client base on GuzzleHttp",
            "time": "2017-09-25 10:33:21"
        },
        {
            "name": "jaeger/http",
            "version": "1.3",
            "source": {
                "type": "git",
                "url": "https://github.com/jae-jae/Http.git",
                "reference": "2fb9e6bde8c42e3851c7968bd00046c299e45b5e"
            },
            "dist": {
                "type": "zip",
                "url": "https://api.github.com/repos/jae-jae/Http/zipball/2fb9e6bde8c42e3851c7968bd00046c299e45b5e",
                "reference": "2fb9e6bde8c42e3851c7968bd00046c299e45b5e",
                "shasum": ""
            },
            "require": {
                "ext-curl": "*",
                "php": ">=5.1.0"
            },
            "type": "library",
            "autoload": {
                "psr-4": {
                    "QL\\Ext\\Lib\\": ""
                }
            },
            "notification-url": "https://packagist.org/downloads/",
            "license": [
                "MIT"
            ],
            "description": "HTTP 请求类,修改用于QueryList(http://querylist.cc )",
            "time": "2017-07-25 07:15:08"
        },
        {
            "name": "jaeger/phpquery-single",
            "version": "0.9.8",
            "source": {
                "type": "git",
                "url": "https://github.com/jae-jae/phpQuery-single.git",
                "reference": "7dec61d09b5954a15daecc716402501527dea1ec"
            },
            "dist": {
                "type": "zip",
                "url": "https://api.github.com/repos/jae-jae/phpQuery-single/zipball/7dec61d09b5954a15daecc716402501527dea1ec",
                "reference": "7dec61d09b5954a15daecc716402501527dea1ec",
                "shasum": ""
            },
            "require": {
                "php": ">=5.3.0"
            },
            "type": "library",
            "autoload": {
                "classmap": [
                    "phpQuery.php"
                ]
            },
            "notification-url": "https://packagist.org/downloads/",
            "license": [
                "MIT"
            ],
            "authors": [
                {
                    "name": "Tobiasz Cudnik",
                    "email": "tobiasz.cudnik@gmail.com",
                    "homepage": "https://github.com/TobiaszCudnik",
                    "role": "Developer"
                },
                {
                    "name": "Jaeger",
                    "role": "Packager"
                }
            ],
            "description": "phpQuery单文件版本，是Querylist的依赖(http://querylist.cc/)，phpQuery项目主页:http://code.google.com/p/phpquery/",
            "homepage": "http://code.google.com/p/phpquery/",
            "time": "2017-09-22 06:57:13"
        },
        {
            "name": "jaeger/querylist",
            "version": "V4.0.1",
            "source": {
                "type": "git",
                "url": "https://github.com/jae-jae/QueryList.git",
                "reference": "72a7543da3c7dc7a1a72662a3b8081a6aed965c1"
            },
            "dist": {
                "type": "zip",
                "url": "https://api.github.com/repos/jae-jae/QueryList/zipball/72a7543da3c7dc7a1a72662a3b8081a6aed965c1",
                "reference": "72a7543da3c7dc7a1a72662a3b8081a6aed965c1",
                "shasum": ""
            },
            "require": {
                "jaeger/g-http": "^1.1",
                "jaeger/phpquery-single": "^0.9",
                "php": ">=7.0",
                "tightenco/collect": "^5"
            },
            "require-dev": {
                "symfony/var-dumper": "^3.3"
            },
            "type": "library",
            "autoload": {
                "psr-4": {
                    "QL\\": "src"
                }
            },
            "notification-url": "https://packagist.org/downloads/",
            "license": [
                "MIT"
            ],
            "authors": [
                {
                    "name": "Jaeger",
                    "email": "JaegerCode@gmail.com"
                }
            ],
            "description": "Simple, elegant, extensible PHP Web Scraper (crawler/spider),Use the css3 dom selector,Based on phpQuery! 简洁、优雅、可扩展的PHP采集工具(爬虫)，基于phpQuery。",
            "homepage": "http://querylist.cc",
            "keywords": [
                "QueryList",
                "phpQuery",
                "spider"
            ],
            "time": "2017-11-15 02:46:51"
        },
        {
            "name": "jaeger/querylist-ext-aquery",
            "version": "1.0.1",
            "source": {
                "type": "git",
                "url": "https://github.com/jae-jae/QueryList-Ext-AQuery.git",
                "reference": "bfbf417363bb8f0caec2573f02d24ba2e921aeef"
            },
            "dist": {
                "type": "zip",
                "url": "https://api.github.com/repos/jae-jae/QueryList-Ext-AQuery/zipball/bfbf417363bb8f0caec2573f02d24ba2e921aeef",
                "reference": "bfbf417363bb8f0caec2573f02d24ba2e921aeef",
                "shasum": ""
            },
            "type": "library",
            "autoload": {
                "psr-4": {
                    "QL\\Ext\\": ""
                }
            },
            "notification-url": "https://packagist.org/downloads/",
            "license": [
                "MIT"
            ],
            "authors": [
                {
                    "name": "Jaeger",
                    "email": "hj.q@qq.com"
                }
            ],
            "description": "QueryList扩展，AQuery扩展基类",
            "time": "2016-01-06 07:51:20"
        },
        {
            "name": "jaeger/querylist-ext-login",
            "version": "1.0",
            "source": {
                "type": "git",
                "url": "https://github.com/jae-jae/QueryList-Ext-Login.git",
                "reference": "4e1279ead32eea96b45f5cec64a9646573f646ce"
            },
            "dist": {
                "type": "zip",
                "url": "https://api.github.com/repos/jae-jae/QueryList-Ext-Login/zipball/4e1279ead32eea96b45f5cec64a9646573f646ce",
                "reference": "4e1279ead32eea96b45f5cec64a9646573f646ce",
                "shasum": ""
            },
            "require": {
                "jaeger/querylist-ext-request": "^1.0"
            },
            "type": "library",
            "autoload": {
                "psr-4": {
                    "QL\\Ext\\": ""
                }
            },
            "notification-url": "https://packagist.org/downloads/",
            "license": [
                "MIT"
            ],
            "authors": [
                {
                    "name": "Jaeger",
                    "email": "hj.q@qq.com"
                }
            ],
            "description": "QueryList扩展，Login模拟登陆扩展",
            "time": "2015-12-28 06:42:48"
        },
        {
            "name": "jaeger/querylist-ext-multi",
            "version": "1.0",
            "source": {
                "type": "git",
                "url": "https://github.com/jae-jae/QueryList-Ext-Multi.git",
                "reference": "2c633480411b1cea31d93b2c1b754eb0bc79fea8"
            },
            "dist": {
                "type": "zip",
                "url": "https://api.github.com/repos/jae-jae/QueryList-Ext-Multi/zipball/2c633480411b1cea31d93b2c1b754eb0bc79fea8",
                "reference": "2c633480411b1cea31d93b2c1b754eb0bc79fea8",
                "shasum": ""
            },
            "require": {
                "jaeger/curlmulti": "^1.0",
                "jaeger/querylist-ext-aquery": "^1.0"
            },
            "type": "library",
            "autoload": {
                "psr-4": {
                    "QL\\Ext\\": ""
                }
            },
            "notification-url": "https://packagist.org/downloads/",
            "license": [
                "MIT"
            ],
            "authors": [
                {
                    "name": "Jaeger",
                    "email": "hj.q@qq.com"
                }
            ],
            "description": "QueryList扩展，Multi多线程扩展",
            "time": "2015-12-28 06:09:36"
        },
        {
            "name": "jaeger/querylist-ext-request",
            "version": "1.0",
            "source": {
                "type": "git",
                "url": "https://github.com/jae-jae/QueryList-Ext-Request.git",
                "reference": "27d06b35fb810b919d242a3dbbdac0e1cb838bc4"
            },
            "dist": {
                "type": "zip",
                "url": "https://api.github.com/repos/jae-jae/QueryList-Ext-Request/zipball/27d06b35fb810b919d242a3dbbdac0e1cb838bc4",
                "reference": "27d06b35fb810b919d242a3dbbdac0e1cb838bc4",
                "shasum": ""
            },
            "require": {
                "jaeger/http": "^1.0",
                "jaeger/querylist-ext-aquery": "^1.0"
            },
            "type": "library",
            "autoload": {
                "psr-4": {
                    "QL\\Ext\\": ""
                }
            },
            "notification-url": "https://packagist.org/downloads/",
            "license": [
                "MIT"
            ],
            "authors": [
                {
                    "name": "Jaeger",
                    "email": "hj.q@qq.com"
                }
            ],
            "description": "QueryList扩展，Request网络操作扩展",
            "time": "2015-12-28 06:24:02"
        },
        {
            "name": "psr/http-message",
            "version": "1.0.1",
            "source": {
                "type": "git",
                "url": "https://github.com/php-fig/http-message.git",
                "reference": "f6561bf28d520154e4b0ec72be95418abe6d9363"
            },
            "dist": {
                "type": "zip",
                "url": "https://api.github.com/repos/php-fig/http-message/zipball/f6561bf28d520154e4b0ec72be95418abe6d9363",
                "reference": "f6561bf28d520154e4b0ec72be95418abe6d9363",
                "shasum": ""
            },
            "require": {
                "php": ">=5.3.0"
            },
            "type": "library",
            "extra": {
                "branch-alias": {
                    "dev-master": "1.0.x-dev"
                }
            },
            "autoload": {
                "psr-4": {
                    "Psr\\Http\\Message\\": "src/"
                }
            },
            "notification-url": "https://packagist.org/downloads/",
            "license": [
                "MIT"
            ],
            "authors": [
                {
                    "name": "PHP-FIG",
                    "homepage": "http://www.php-fig.org/"
                }
            ],
            "description": "Common interface for HTTP messages",
            "homepage": "https://github.com/php-fig/http-message",
            "keywords": [
                "http",
                "http-message",
                "psr",
                "psr-7",
                "request",
                "response"
            ],
            "time": "2016-08-06 14:39:51"
        },
        {
            "name": "tightenco/collect",
            "version": "v5.5.20",
            "source": {
                "type": "git",
                "url": "https://github.com/tightenco/collect.git",
                "reference": "ea6c2f9df3786d0997f34ef4f12e66bba85774c3"
            },
            "dist": {
                "type": "zip",
                "url": "https://api.github.com/repos/tightenco/collect/zipball/ea6c2f9df3786d0997f34ef4f12e66bba85774c3",
                "reference": "ea6c2f9df3786d0997f34ef4f12e66bba85774c3",
                "shasum": ""
            },
            "require": {
                "php": ">=7.0"
            },
            "require-dev": {
                "mockery/mockery": "~1.0",
                "phpunit/phpunit": "~6.0"
            },
            "suggest": {
                "symfony/var-dumper": "Required to prettify dd() and dump() (~3.3)."
            },
            "type": "library",
            "autoload": {
                "files": [
                    "src/Illuminate/Support/helpers.php"
                ],
                "psr-4": {
                    "Illuminate\\": "src/Illuminate"
                }
            },
            "notification-url": "https://packagist.org/downloads/",
            "license": [
                "MIT"
            ],
            "authors": [
                {
                    "name": "Taylor Otwell",
                    "email": "taylorotwell@gmail.com"
                }
            ],
            "description": "Collect - Illuminate Collections as a separate package.",
            "keywords": [
                "collection",
                "laravel"
            ],
            "time": "2017-11-09 17:52:28"
        },
        {
            "name": "twbs/bootstrap",
            "version": "v3.3.7",
            "source": {
                "type": "git",
                "url": "https://github.com/twbs/bootstrap.git",
                "reference": "0b9c4a4007c44201dce9a6cc1a38407005c26c86"
            },
            "dist": {
                "type": "zip",
                "url": "https://api.github.com/repos/twbs/bootstrap/zipball/0b9c4a4007c44201dce9a6cc1a38407005c26c86",
                "reference": "0b9c4a4007c44201dce9a6cc1a38407005c26c86",
                "shasum": ""
            },
            "replace": {
                "twitter/bootstrap": "self.version"
            },
            "type": "library",
            "extra": {
                "branch-alias": {
                    "dev-master": "3.3.x-dev"
                }
            },
            "notification-url": "https://packagist.org/downloads/",
            "license": [
                "MIT"
            ],
            "authors": [
                {
                    "name": "Jacob Thornton",
                    "email": "jacobthornton@gmail.com"
                },
                {
                    "name": "Mark Otto",
                    "email": "markdotto@gmail.com"
                }
            ],
            "description": "The most popular front-end framework for developing responsive, mobile first projects on the web.",
            "homepage": "http://getbootstrap.com",
            "keywords": [
                "JS",
                "css",
                "framework",
                "front-end",
                "less",
                "mobile-first",
                "responsive",
                "web"
            ],
            "time": "2016-07-25 15:51:55"
        }
    ],
    "packages-dev": [],
    "aliases": [],
    "minimum-stability": "stable",
    "stability-flags": [],
    "prefer-stable": false,
    "prefer-lowest": false,
    "platform": [],
    "platform-dev": []
}
